
Microsoft Visual Studio Solution File, Format Version 12.00
# Visual Studio Version 17
VisualStudioVersion = 17.6.33723.286
MinimumVisualStudioVersion = 10.0.40219.1
Project("{9A19103F-16F7-4668-BE54-9A1E7A4F7556}") = "aspnet_final", "aspnet_final.csproj", "{8A24CE05-3C91-4409-8CA5-B305C076F329}"
EndProject
Global
	GlobalSection(SolutionConfigurationPlatforms) = preSolution
		Debug|Any CPU = Debug|Any CPU
		Release|Any CPU = Release|Any CPU
	EndGlobalSection
	GlobalSection(ProjectConfigurationPlatforms) = postSolution
		{8A24CE05-3C91-4409-8CA5-B305C076F329}.Debug|Any CPU.ActiveCfg = Debug|Any CPU
		{8A24CE05-3C91-4409-8CA5-B305C076F329}.Debug|Any CPU.Build.0 = Debug|Any CPU
		{8A24CE05-3C91-4409-8CA5-B305C076F329}.Release|Any CPU.ActiveCfg = Release|Any CPU
		{8A24CE05-3C91-4409-8CA5-B305C076F329}.Release|Any CPU.Build.0 = Release|Any CPU
	EndGlobalSection
	GlobalSection(SolutionProperties) = preSolution
		HideSolutionNode = FALSE
	EndGlobalSection
	GlobalSection(ExtensibilityGlobals) = postSolution
		SolutionGuid = {4AEE20D7-AD4B-482F-9360-F4ADA5ABCA09}
	EndGlobalSection
EndGlobal
